github.com/davecgh/go-spew v1.1.0/go.mod h1:J7Y8YcW2NihsgmVo/mv3lAwl/skON4iLHjSsI+c5H38=
github.com/davecgh/go-spew v1.1.1/go.mod h1:J7Y8YcW2NihsgmVo/mv3lAwl/skON4iLHjSsI+c5H38=
github.com/dvyukov/go-fuzz v0.0.0-20191206100749-a378175e205c/go.mod h1:11Gm+ccJnvAhCNLlf5+cS9KjtbaD5I5zaZpFMsTHWTw=
github.com/eduncan911/podcast v1.1.0 h1:xruQPV+eZVHbwE5r8TFD6rPBGaeDLgSdjMFSXPBo2IY=
github.com/eduncan911/podcast v1.1.0/go.mod h1:C7Q04QZtv7LW/1X67mc1zwsktpZ68kbxsUS3CYWniJg=
github.com/eduncan911/podcast v1.3.0 h1:lVCar1J39mMNWR2SbGzPjeUbCKEkQ6/pt/7beQqK6fk=
github.com/eduncan911/podcast v1.3.0/go.mod h1:C7Q04QZtv7LW/1X67mc1zwsktpZ68kbxsUS3CYWniJg=
github.com/eduncan911/podcast v1.4.1 h1:K3q46UIpuu/KsG/E0EjbF3p0MEdr8PJocN3kldzQ3es=
github.com/eduncan911/podcast v1.4.1/go.mod h1:gqMeO9w+BjQhWWTYPFfN+Yjs5Amri0STXnaYz2xtCrE=
github.com/floge77/cloud2podcast v0.0.0-20190526161023-dbd963cf7546 h1:X/vKhJnivapR72j10jrs/geIu3Ch8vf5/4j2lELfiKA=
github.com/floge77/cloud2podcast v0.0.0-20190526161023-dbd963cf7546/go.mod h1:BBGPWm6l8CVsKpL6YJrvJ4mTudUlvtjR4vQXPx4ALDw=
github.com/floge77/cloud2podcast v0.0.0-20200112151117-e18619b4d405 h1:ZUpVOsW5M7+h8MXgImPLOwq1bF81qwypc/9CEtmb6+Y=
github.com/floge77/cloud2podcast v0.0.0-20200112151117-e18619b4d405/go.mod h1:/XjABFg7ZIc6yixa51Vz+UvYmyEMO0qoTU79z5nB2/c=
github.com/gorilla/mux v1.7.3 h1:gnP5JzjVOuiZD07fKKToCAOjS0yOpj/qPETTXCCS6hw=
github.com/gorilla/mux v1.7.3/go.mod h1:1lud6UwP+6orDFRuTfBEV8e9/aOM/c4fVVCaMa2zaAs=
github.com/kr/pretty v0.1.0/go.mod h1:dAy3ld7l9f0ibDNOQOHHMYYIIbhfbHSm3C4ZsoJORNo=
github.com/kr/pty v1.1.1/go.mod h1:pFQYn66WHrOpPYNljwOMqo10TkYh1fy3cYio2l3bCsQ=
github.com/kr/text v0.1.0/go.mod h1:4Jbv+DJW3UT/LiOwJeYQe1efqtUx/iVham/4vfdArNI=
github.com/pkg/errors v0.8.1 h1:iURUrRGxPUNPdy5/HRSm+Yj6okJ6UtLINN0Q9M4+h3I=
github.com/pkg/errors v0.8.1/go.mod h1:bwawxfHBFNV+L2hUp1rHADufV3IMtnDRdf1r5NINEl0=
github.com/pkg/errors v0.9.1 h1:FEBLx1zS214owpjy7qsBeixbURkuhQAwrK5UwLGTwt4=
github.com/pkg/errors v0.9.1/go.mod h1:bwawxfHBFNV+L2hUp1rHADufV3IMtnDRdf1r5NINEl0=
github.com/pmezard/go-difflib v1.0.0/go.mod h1:iKH77koFhYxTK1pcRnkKkqfTogsbg7gZNVY4sRDYZ/4=
github.com/stretchr/objx v0.1.0/go.mod h1:HFkY916IF+rwdDfMAkV7OtwuqBVzrE8GR6GFx+wExME=
github.com/stretchr/testify v1.4.0/go.mod h1:j7eGeouHqKxXV5pUuKE4zz7dFj8WfuZ+81PSLYec5m4=
gopkg.in/check.v1 v0.0.0-20161208181325-20d25e280405 h1:yhCVgyC4o1eVCa2tZl7eS0r+SDo693bJlVdllGtEeKM=
gopkg.in/check.v1 v0.0.0-20161208181325-20d25e280405/go.mod h1:Co6ibVJAznAaIkqp8huTwlJQCZ016jof/cbN4VW5Yz0=
gopkg.in/check.v1 v1.0.0-20190902080502-41f04d3bba15/go.mod h1:Co6ibVJAznAaIkqp8huTwlJQCZ016jof/cbN4VW5Yz0=
gopkg.in/yaml.v2 v2.2.2/go.mod h1:hI93XBmqTisBFMUTm0b8Fm+jr3Dg1NNxqwp+5A1VGuI=
gopkg.in/yaml.v2 v2.2.7 h1:VUgggvou5XRW9mHwD/yXxIYSMtY0zoKQf/v226p2nyo=
gopkg.in/yaml.v2 v2.2.7/go.mod h1:hI93XBmqTisBFMUTm0b8Fm+jr3Dg1NNxqwp+5A1VGuI=
gopkg.in/yaml.v2 v2.2.8 h1:obN1ZagJSUGI0Ek/LBmuj4SNLPfIny3KsKFopxRdj10=
gopkg.in/yaml.v2 v2.2.8/go.mod h1:hI93XBmqTisBFMUTm0b8Fm+jr3Dg1NNxqwp+5A1VGuI=
